
Microsoft Visual Studio Solution File, Format Version 12.00
# Visual Studio 2015
Project("{FAE04EC0-301F-11D3-BF4B-00C04F79EFBC}") = "Endless Mini-Golf.CSharp", "Endless Mini-Golf.CSharp.csproj", "{AE5CC281-4A39-BA01-6245-F39927ABEC30}"
EndProject
Project("{FAE04EC0-301F-11D3-BF4B-00C04F79EFBC}") = "Endless Mini-Golf.CSharp.Editor", "Endless Mini-Golf.CSharp.Editor.csproj", "{FC747A1E-C7CD-E2AC-8B4C-58500F4602F5}"
EndProject
Global
	GlobalSection(SolutionConfigurationPlatforms) = preSolution
		Debug|Any CPU = Debug|Any CPU
		Release|Any CPU = Release|Any CPU
	EndGlobalSection
	GlobalSection(ProjectConfigurationPlatforms) = postSolution
		{AE5CC281-4A39-BA01-6245-F39927ABEC30}.Debug|Any CPU.ActiveCfg = Debug|Any CPU
		{AE5CC281-4A39-BA01-6245-F39927ABEC30}.Debug|Any CPU.Build.0 = Debug|Any CPU
		{AE5CC281-4A39-BA01-6245-F39927ABEC30}.Release|Any CPU.ActiveCfg = Release|Any CPU
		{AE5CC281-4A39-BA01-6245-F39927ABEC30}.Release|Any CPU.Build.0 = Release|Any CPU
		{FC747A1E-C7CD-E2AC-8B4C-58500F4602F5}.Debug|Any CPU.ActiveCfg = Debug|Any CPU
		{FC747A1E-C7CD-E2AC-8B4C-58500F4602F5}.Debug|Any CPU.Build.0 = Debug|Any CPU
		{FC747A1E-C7CD-E2AC-8B4C-58500F4602F5}.Release|Any CPU.ActiveCfg = Release|Any CPU
		{FC747A1E-C7CD-E2AC-8B4C-58500F4602F5}.Release|Any CPU.Build.0 = Release|Any CPU
	EndGlobalSection
	GlobalSection(SolutionProperties) = preSolution
		HideSolutionNode = FALSE
	EndGlobalSection
EndGlobal
