
Microsoft Visual Studio Solution File, Format Version 12.00
# Visual Studio 2015
Project("{FAE04EC0-301F-11D3-BF4B-00C04F79EFBC}") = "Endless-Mini-Golf.CSharp", "Endless-Mini-Golf.CSharp.csproj", "{180E9758-15E5-CAA7-842E-C2D856F45BF9}"
EndProject
Project("{FAE04EC0-301F-11D3-BF4B-00C04F79EFBC}") = "Endless-Mini-Golf.CSharp.Editor", "Endless-Mini-Golf.CSharp.Editor.csproj", "{4F1BC5FF-3583-8E18-36B7-B51637B00BC4}"
EndProject
Global
	GlobalSection(SolutionConfigurationPlatforms) = preSolution
		Debug|Any CPU = Debug|Any CPU
		Release|Any CPU = Release|Any CPU
	EndGlobalSection
	GlobalSection(ProjectConfigurationPlatforms) = postSolution
		{180E9758-15E5-CAA7-842E-C2D856F45BF9}.Debug|Any CPU.ActiveCfg = Debug|Any CPU
		{180E9758-15E5-CAA7-842E-C2D856F45BF9}.Debug|Any CPU.Build.0 = Debug|Any CPU
		{180E9758-15E5-CAA7-842E-C2D856F45BF9}.Release|Any CPU.ActiveCfg = Release|Any CPU
		{180E9758-15E5-CAA7-842E-C2D856F45BF9}.Release|Any CPU.Build.0 = Release|Any CPU
		{4F1BC5FF-3583-8E18-36B7-B51637B00BC4}.Debug|Any CPU.ActiveCfg = Debug|Any CPU
		{4F1BC5FF-3583-8E18-36B7-B51637B00BC4}.Debug|Any CPU.Build.0 = Debug|Any CPU
		{4F1BC5FF-3583-8E18-36B7-B51637B00BC4}.Release|Any CPU.ActiveCfg = Release|Any CPU
		{4F1BC5FF-3583-8E18-36B7-B51637B00BC4}.Release|Any CPU.Build.0 = Release|Any CPU
	EndGlobalSection
	GlobalSection(SolutionProperties) = preSolution
		HideSolutionNode = FALSE
	EndGlobalSection
EndGlobal
